
Microsoft Visual Studio Solution File, Format Version 12.00
# Visual Studio Version 17
VisualStudioVersion = 17.10.35122.118
MinimumVisualStudioVersion = 10.0.40219.1
Project("{FAE04EC0-301F-11D3-BF4B-00C04F79EFBC}") = "EcommerceMvc", "EcommerceMvc\EcommerceMvc.csproj", "{34D4F61E-6DA5-478A-8721-D22CD4DBC739}"
EndProject
Global
	GlobalSection(SolutionConfigurationPlatforms) = preSolution
		Debug|Any CPU = Debug|Any CPU
		Release|Any CPU = Release|Any CPU
	EndGlobalSection
	GlobalSection(ProjectConfigurationPlatforms) = postSolution
		{34D4F61E-6DA5-478A-8721-D22CD4DBC739}.Debug|Any CPU.ActiveCfg = Debug|Any CPU
		{34D4F61E-6DA5-478A-8721-D22CD4DBC739}.Debug|Any CPU.Build.0 = Debug|Any CPU
		{34D4F61E-6DA5-478A-8721-D22CD4DBC739}.Release|Any CPU.ActiveCfg = Release|Any CPU
		{34D4F61E-6DA5-478A-8721-D22CD4DBC739}.Release|Any CPU.Build.0 = Release|Any CPU
	EndGlobalSection
	GlobalSection(SolutionProperties) = preSolution
		HideSolutionNode = FALSE
	EndGlobalSection
	GlobalSection(ExtensibilityGlobals) = postSolution
		SolutionGuid = {27DEE1EB-8902-4168-973A-7E5552E0D476}
	EndGlobalSection
EndGlobal
